
Microsoft Visual Studio Solution File, Format Version 12.00
# Visual Studio Version 17
VisualStudioVersion = 17.8.34330.188
MinimumVisualStudioVersion = 10.0.40219.1
Project("{FAE04EC0-301F-11D3-BF4B-00C04F79EFBC}") = "Day18", "Day18.csproj", "{33D61A24-5485-4361-BE29-8E01227F51BA}"
EndProject
Global
	GlobalSection(SolutionConfigurationPlatforms) = preSolution
		Debug|Any CPU = Debug|Any CPU
		Release|Any CPU = Release|Any CPU
	EndGlobalSection
	GlobalSection(ProjectConfigurationPlatforms) = postSolution
		{33D61A24-5485-4361-BE29-8E01227F51BA}.Debug|Any CPU.ActiveCfg = Debug|Any CPU
		{33D61A24-5485-4361-BE29-8E01227F51BA}.Debug|Any CPU.Build.0 = Debug|Any CPU
		{33D61A24-5485-4361-BE29-8E01227F51BA}.Release|Any CPU.ActiveCfg = Release|Any CPU
		{33D61A24-5485-4361-BE29-8E01227F51BA}.Release|Any CPU.Build.0 = Release|Any CPU
	EndGlobalSection
	GlobalSection(SolutionProperties) = preSolution
		HideSolutionNode = FALSE
	EndGlobalSection
	GlobalSection(ExtensibilityGlobals) = postSolution
		SolutionGuid = {0ED19985-8346-419E-B249-EFAD09E8DFFF}
	EndGlobalSection
EndGlobal
